// !$*UTF8*$!
{
	archiveVersion = 1;
	classes = {
	};
	objectVersion = 46;
	objects = {

/* Begin PBXBuildFile section */
		1D3623260D0F684500981E51 /* AppDelegate.m in Sources */ = {isa = PBXBuildFile; fileRef = 1D3623250D0F684500981E51 /* AppDelegate.m */; };
		1D60589B0D05DD56006BFB54 /* main.m in Sources */ = {isa = PBXBuildFile; fileRef = 29B97316FDCFA39411CA2CEA /* main.m */; };
		1D60589F0D05DD5A006BFB54 /* Foundation.framework in Frameworks */ = {isa = PBXBuildFile; fileRef = 1D30AB110D05D00D00671497 /* Foundation.framework */; };
		1DF5F4E00D08C38300B7A737 /* UIKit.framework in Frameworks */ = {isa = PBXBuildFile; fileRef = 1DF5F4DF0D08C38300B7A737 /* UIKit.framework */; };
		2804200B108E984D000629CD /* N4AccordionViewController.m in Sources */ = {isa = PBXBuildFile; fileRef = 28042008108E984D000629CD /* N4AccordionViewController.m */; };
		2804200C108E984D000629CD /* DetailViewController.m in Sources */ = {isa = PBXBuildFile; fileRef = 2804200A108E984D000629CD /* DetailViewController.m */; };
		2804203C108E9BAB000629CD /* DetailView.xib in Resources */ = {isa = PBXBuildFile; fileRef = 2804203B108E9BAB000629CD /* DetailView.xib */; };
		2892E4100DC94CBA00A64D0F /* CoreGraphics.framework in Frameworks */ = {isa = PBXBuildFile; fileRef = 2892E40F0DC94CBA00A64D0F /* CoreGraphics.framework */; };
		28AD73600D9D9599002E5188 /* MainWindow.xib in Resources */ = {isa = PBXBuildFile; fileRef = 28AD735F0D9D9599002E5188 /* MainWindow.xib */; };
		9A019C581228AD5100F152EB /* N4AccordionViewCell.m in Sources */ = {isa = PBXBuildFile; fileRef = 9A019C571228AD5100F152EB /* N4AccordionViewCell.m */; };
		9A6AB994122CB1A70080EA40 /* N4FileView.m in Sources */ = {isa = PBXBuildFile; fileRef = 9A6AB993122CB1A70080EA40 /* N4FileView.m */; };
		9A6AB9D1122CB33E0080EA40 /* ascending.png in Resources */ = {isa = PBXBuildFile; fileRef = 9A6AB9C8122CB33E0080EA40 /* ascending.png */; };
		9A6AB9D2122CB33E0080EA40 /* descending.png in Resources */ = {isa = PBXBuildFile; fileRef = 9A6AB9C9122CB33E0080EA40 /* descending.png */; };
		9A6AB9D3122CB33E0080EA40 /* Document56.png in Resources */ = {isa = PBXBuildFile; fileRef = 9A6AB9CA122CB33E0080EA40 /* Document56.png */; };
		9A6AB9D4122CB33E0080EA40 /* Document512.png in Resources */ = {isa = PBXBuildFile; fileRef = 9A6AB9CB122CB33E0080EA40 /* Document512.png */; };
		9A6AB9D5122CB33E0080EA40 /* Folder56.png in Resources */ = {isa = PBXBuildFile; fileRef = 9A6AB9CC122CB33E0080EA40 /* Folder56.png */; };
		9A6AB9D6122CB33E0080EA40 /* Folder512.png in Resources */ = {isa = PBXBuildFile; fileRef = 9A6AB9CD122CB33E0080EA40 /* Folder512.png */; };
		9A6AB9D7122CB33E0080EA40 /* Triangle.png in Resources */ = {isa = PBXBuildFile; fileRef = 9A6AB9CE122CB33E0080EA40 /* Triangle.png */; };
		9A6AB9D8122CB33E0080EA40 /* TriangleSmall.png in Resources */ = {isa = PBXBuildFile; fileRef = 9A6AB9CF122CB33E0080EA40 /* TriangleSmall.png */; };
		9A6AB9D9122CB33E0080EA40 /* TriangleSmall2.png in Resources */ = {isa = PBXBuildFile; fileRef = 9A6AB9D0122CB33E0080EA40 /* TriangleSmall2.png */; };
		9A7EC308122AAB2400BB44E7 /* N4FileSorterViewController.m in Sources */ = {isa = PBXBuildFile; fileRef = 9A7EC307122AAB2400BB44E7 /* N4FileSorterViewController.m */; };
		9A7EC31D122AAEB000BB44E7 /* N4AccordionViewController.xib in Resources */ = {isa = PBXBuildFile; fileRef = 9A7EC31C122AAEB000BB44E7 /* N4AccordionViewController.xib */; };
		9AB4304612289FD100507B0E /* QuartzCore.framework in Frameworks */ = {isa = PBXBuildFile; fileRef = 9AB4304512289FD100507B0E /* QuartzCore.framework */; };
		9AB7B01E122F387100688EA3 /* N4PromptAlertView.m in Sources */ = {isa = PBXBuildFile; fileRef = 9AB7B01D122F387100688EA3 /* N4PromptAlertView.m */; };
		9AE4B6751226CF9B0057C449 /* N4FileAccordionDatasourceManager.m in Sources */ = {isa = PBXBuildFile; fileRef = 9AE4B6731226CF9B0057C449 /* N4FileAccordionDatasourceManager.m */; };
		9AE4B68B1226D01B0057C449 /* N4File.m in Sources */ = {isa = PBXBuildFile; fileRef = 9AE4B6891226D01B0057C449 /* N4File.m */; };
/* End PBXBuildFile section */

/* Begin PBXFileReference section */
		1D30AB110D05D00D00671497 /* Foundation.framework */ = {isa = PBXFileReference; lastKnownFileType = wrapper.framework; name = Foundation.framework; path = System/Library/Frameworks/Foundation.framework; sourceTree = SDKROOT; };
		1D3623240D0F684500981E51 /* AppDelegate.h */ = {isa = PBXFileReference; fileEncoding = 4; lastKnownFileType = sourcecode.c.h; path = AppDelegate.h; sourceTree = "<group>"; };
		1D3623250D0F684500981E51 /* AppDelegate.m */ = {isa = PBXFileReference; fileEncoding = 4; lastKnownFileType = sourcecode.c.objc; path = AppDelegate.m; sourceTree = "<group>"; };
		1D6058910D05DD3D006BFB54 /* Accordion.app */ = {isa = PBXFileReference; explicitFileType = wrapper.application; includeInIndex = 0; path = Accordion.app; sourceTree = BUILT_PRODUCTS_DIR; };
		1DF5F4DF0D08C38300B7A737 /* UIKit.framework */ = {isa = PBXFileReference; lastKnownFileType = wrapper.framework; name = UIKit.framework; path = System/Library/Frameworks/UIKit.framework; sourceTree = SDKROOT; };
		28042007108E984D000629CD /* N4AccordionViewController.h */ = {isa = PBXFileReference; fileEncoding = 4; lastKnownFileType = sourcecode.c.h; path = N4AccordionViewController.h; sourceTree = "<group>"; };
		28042008108E984D000629CD /* N4AccordionViewController.m */ = {isa = PBXFileReference; fileEncoding = 4; lastKnownFileType = sourcecode.c.objc; path = N4AccordionViewController.m; sourceTree = "<group>"; };
		28042009108E984D000629CD /* DetailViewController.h */ = {isa = PBXFileReference; fileEncoding = 4; lastKnownFileType = sourcecode.c.h; path = DetailViewController.h; sourceTree = "<group>"; };
		2804200A108E984D000629CD /* DetailViewController.m */ = {isa = PBXFileReference; fileEncoding = 4; lastKnownFileType = sourcecode.c.objc; path = DetailViewController.m; sourceTree = "<group>"; };
		2804203B108E9BAB000629CD /* DetailView.xib */ = {isa = PBXFileReference; lastKnownFileType = file.xib; path = DetailView.xib; sourceTree = "<group>"; };
		2892E40F0DC94CBA00A64D0F /* CoreGraphics.framework */ = {isa = PBXFileReference; lastKnownFileType = wrapper.framework; name = CoreGraphics.framework; path = System/Library/Frameworks/CoreGraphics.framework; sourceTree = SDKROOT; };
		28A0AAE50D9B0CCF005BE974 /* Accordion_Prefix.pch */ = {isa = PBXFileReference; fileEncoding = 4; lastKnownFileType = sourcecode.c.h; path = Accordion_Prefix.pch; sourceTree = "<group>"; };
		28AD735F0D9D9599002E5188 /* MainWindow.xib */ = {isa = PBXFileReference; lastKnownFileType = file.xib; path = MainWindow.xib; sourceTree = "<group>"; };
		29B97316FDCFA39411CA2CEA /* main.m */ = {isa = PBXFileReference; fileEncoding = 4; lastKnownFileType = sourcecode.c.objc; path = main.m; sourceTree = "<group>"; };
		8D1107310486CEB800E47090 /* Accordion-Info.plist */ = {isa = PBXFileReference; fileEncoding = 4; lastKnownFileType = text.plist.xml; path = "Accordion-Info.plist"; plistStructureDefinitionIdentifier = "com.apple.xcode.plist.structure-definition.iphone.info-plist"; sourceTree = "<group>"; };
		9A019C561228AD5100F152EB /* N4AccordionViewCell.h */ = {isa = PBXFileReference; fileEncoding = 4; lastKnownFileType = sourcecode.c.h; path = N4AccordionViewCell.h; sourceTree = "<group>"; };
		9A019C571228AD5100F152EB /* N4AccordionViewCell.m */ = {isa = PBXFileReference; fileEncoding = 4; lastKnownFileType = sourcecode.c.objc; path = N4AccordionViewCell.m; sourceTree = "<group>"; };
		9A6AB992122CB1A70080EA40 /* N4FileView.h */ = {isa = PBXFileReference; fileEncoding = 4; lastKnownFileType = sourcecode.c.h; path = N4FileView.h; sourceTree = "<group>"; };
		9A6AB993122CB1A70080EA40 /* N4FileView.m */ = {isa = PBXFileReference; fileEncoding = 4; lastKnownFileType = sourcecode.c.objc; path = N4FileView.m; sourceTree = "<group>"; };
		9A6AB9C8122CB33E0080EA40 /* ascending.png */ = {isa = PBXFileReference; lastKnownFileType = image.png; name = ascending.png; path = Assets/ascending.png; sourceTree = "<group>"; };
		9A6AB9C9122CB33E0080EA40 /* descending.png */ = {isa = PBXFileReference; lastKnownFileType = image.png; name = descending.png; path = Assets/descending.png; sourceTree = "<group>"; };
		9A6AB9CA122CB33E0080EA40 /* Document56.png */ = {isa = PBXFileReference; lastKnownFileType = image.png; name = Document56.png; path = Assets/Document56.png; sourceTree = "<group>"; };
		9A6AB9CB122CB33E0080EA40 /* Document512.png */ = {isa = PBXFileReference; lastKnownFileType = image.png; name = Document512.png; path = Assets/Document512.png; sourceTree = "<group>"; };
		9A6AB9CC122CB33E0080EA40 /* Folder56.png */ = {isa = PBXFileReference; lastKnownFileType = image.png; name = Folder56.png; path = Assets/Folder56.png; sourceTree = "<group>"; };
		9A6AB9CD122CB33E0080EA40 /* Folder512.png */ = {isa = PBXFileReference; lastKnownFileType = image.png; name = Folder512.png; path = Assets/Folder512.png; sourceTree = "<group>"; };
		9A6AB9CE122CB33E0080EA40 /* Triangle.png */ = {isa = PBXFileReference; lastKnownFileType = image.png; name = Triangle.png; path = Assets/Triangle.png; sourceTree = "<group>"; };
		9A6AB9CF122CB33E0080EA40 /* TriangleSmall.png */ = {isa = PBXFileReference; lastKnownFileType = image.png; name = TriangleSmall.png; path = Assets/TriangleSmall.png; sourceTree = "<group>"; };
		9A6AB9D0122CB33E0080EA40 /* TriangleSmall2.png */ = {isa = PBXFileReference; lastKnownFileType = image.png; name = TriangleSmall2.png; path = Assets/TriangleSmall2.png; sourceTree = "<group>"; };
		9A7EC306122AAB2400BB44E7 /* N4FileSorterViewController.h */ = {isa = PBXFileReference; fileEncoding = 4; lastKnownFileType = sourcecode.c.h; path = N4FileSorterViewController.h; sourceTree = "<group>"; };
		9A7EC307122AAB2400BB44E7 /* N4FileSorterViewController.m */ = {isa = PBXFileReference; fileEncoding = 4; lastKnownFileType = sourcecode.c.objc; path = N4FileSorterViewController.m; sourceTree = "<group>"; };
		9A7EC31C122AAEB000BB44E7 /* N4AccordionViewController.xib */ = {isa = PBXFileReference; lastKnownFileType = file.xib; path = N4AccordionViewController.xib; sourceTree = "<group>"; };
		9AB4304512289FD100507B0E /* QuartzCore.framework */ = {isa = PBXFileReference; lastKnownFileType = wrapper.framework; name = QuartzCore.framework; path = /System/Library/Frameworks/QuartzCore.framework; sourceTree = "<absolute>"; };
		9AB7B01C122F387100688EA3 /* N4PromptAlertView.h */ = {isa = PBXFileReference; fileEncoding = 4; lastKnownFileType = sourcecode.c.h; path = N4PromptAlertView.h; sourceTree = "<group>"; };
		9AB7B01D122F387100688EA3 /* N4PromptAlertView.m */ = {isa = PBXFileReference; fileEncoding = 4; lastKnownFileType = sourcecode.c.objc; path = N4PromptAlertView.m; sourceTree = "<group>"; };
		9AE4B6721226CF9B0057C449 /* N4FileAccordionDatasourceManager.h */ = {isa = PBXFileReference; explicitFileType = sourcecode.c.h; fileEncoding = 4; path = N4FileAccordionDatasourceManager.h; sourceTree = "<group>"; };
		9AE4B6731226CF9B0057C449 /* N4FileAccordionDatasourceManager.m */ = {isa = PBXFileReference; fileEncoding = 4; lastKnownFileType = sourcecode.c.objc; path = N4FileAccordionDatasourceManager.m; sourceTree = "<group>"; };
		9AE4B6881226D01B0057C449 /* N4File.h */ = {isa = PBXFileReference; explicitFileType = sourcecode.c.h; fileEncoding = 4; path = N4File.h; sourceTree = "<group>"; };
		9AE4B6891226D01B0057C449 /* N4File.m */ = {isa = PBXFileReference; explicitFileType = sourcecode.c.objc; fileEncoding = 4; path = N4File.m; sourceTree = "<group>"; };
/* End PBXFileReference section */

/* Begin PBXFrameworksBuildPhase section */
		1D60588F0D05DD3D006BFB54 /* Frameworks */ = {
			isa = PBXFrameworksBuildPhase;
			buildActionMask = 2147483647;
			files = (
				1D60589F0D05DD5A006BFB54 /* Foundation.framework in Frameworks */,
				1DF5F4E00D08C38300B7A737 /* UIKit.framework in Frameworks */,
				2892E4100DC94CBA00A64D0F /* CoreGraphics.framework in Frameworks */,
				9AB4304612289FD100507B0E /* QuartzCore.framework in Frameworks */,
			);
			runOnlyForDeploymentPostprocessing = 0;
		};
/* End PBXFrameworksBuildPhase section */

/* Begin PBXGroup section */
		080E96DDFE201D6D7F000001 /* Classes */ = {
			isa = PBXGroup;
			children = (
				9A6AB992122CB1A70080EA40 /* N4FileView.h */,
				9A6AB993122CB1A70080EA40 /* N4FileView.m */,
				9AE4B6881226D01B0057C449 /* N4File.h */,
				9AE4B6891226D01B0057C449 /* N4File.m */,
				9AE4B6721226CF9B0057C449 /* N4FileAccordionDatasourceManager.h */,
				9AE4B6731226CF9B0057C449 /* N4FileAccordionDatasourceManager.m */,
				28042007108E984D000629CD /* N4AccordionViewController.h */,
				28042008108E984D000629CD /* N4AccordionViewController.m */,
				9A019C561228AD5100F152EB /* N4AccordionViewCell.h */,
				9A019C571228AD5100F152EB /* N4AccordionViewCell.m */,
				9A7EC306122AAB2400BB44E7 /* N4FileSorterViewController.h */,
				9A7EC307122AAB2400BB44E7 /* N4FileSorterViewController.m */,
				1D3623240D0F684500981E51 /* AppDelegate.h */,
				1D3623250D0F684500981E51 /* AppDelegate.m */,
				28042009108E984D000629CD /* DetailViewController.h */,
				2804200A108E984D000629CD /* DetailViewController.m */,
				9AB7B01C122F387100688EA3 /* N4PromptAlertView.h */,
				9AB7B01D122F387100688EA3 /* N4PromptAlertView.m */,
			);
			path = Classes;
			sourceTree = "<group>";
		};
		19C28FACFE9D520D11CA2CBB /* Products */ = {
			isa = PBXGroup;
			children = (
				1D6058910D05DD3D006BFB54 /* Accordion.app */,
			);
			name = Products;
			sourceTree = "<group>";
		};
		29B97314FDCFA39411CA2CEA /* CustomTemplate */ = {
			isa = PBXGroup;
			children = (
				080E96DDFE201D6D7F000001 /* Classes */,
				29B97315FDCFA39411CA2CEA /* Other Sources */,
				29B97317FDCFA39411CA2CEA /* Resources */,
				9A6AB9C4122CB3310080EA40 /* Assets */,
				29B97323FDCFA39411CA2CEA /* Frameworks */,
				19C28FACFE9D520D11CA2CBB /* Products */,
			);
			name = CustomTemplate;
			sourceTree = "<group>";
		};
		29B97315FDCFA39411CA2CEA /* Other Sources */ = {
			isa = PBXGroup;
			children = (
				28A0AAE50D9B0CCF005BE974 /* Accordion_Prefix.pch */,
				29B97316FDCFA39411CA2CEA /* main.m */,
			);
			name = "Other Sources";
			sourceTree = "<group>";
		};
		29B97317FDCFA39411CA2CEA /* Resources */ = {
			isa = PBXGroup;
			children = (
				9A7EC31C122AAEB000BB44E7 /* N4AccordionViewController.xib */,
				28AD735F0D9D9599002E5188 /* MainWindow.xib */,
				2804203B108E9BAB000629CD /* DetailView.xib */,
				8D1107310486CEB800E47090 /* Accordion-Info.plist */,
			);
			name = Resources;
			sourceTree = "<group>";
		};
		29B97323FDCFA39411CA2CEA /* Frameworks */ = {
			isa = PBXGroup;
			children = (
				1DF5F4DF0D08C38300B7A737 /* UIKit.framework */,
				1D30AB110D05D00D00671497 /* Foundation.framework */,
				2892E40F0DC94CBA00A64D0F /* CoreGraphics.framework */,
				9AB4304512289FD100507B0E /* QuartzCore.framework */,
			);
			name = Frameworks;
			sourceTree = "<group>";
		};
		9A6AB9C4122CB3310080EA40 /* Assets */ = {
			isa = PBXGroup;
			children = (
				9A6AB9C8122CB33E0080EA40 /* ascending.png */,
				9A6AB9C9122CB33E0080EA40 /* descending.png */,
				9A6AB9CA122CB33E0080EA40 /* Document56.png */,
				9A6AB9CB122CB33E0080EA40 /* Document512.png */,
				9A6AB9CC122CB33E0080EA40 /* Folder56.png */,
				9A6AB9CD122CB33E0080EA40 /* Folder512.png */,
				9A6AB9CE122CB33E0080EA40 /* Triangle.png */,
				9A6AB9CF122CB33E0080EA40 /* TriangleSmall.png */,
				9A6AB9D0122CB33E0080EA40 /* TriangleSmall2.png */,
			);
			name = Assets;
			sourceTree = "<group>";
		};
/* End PBXGroup section */

/* Begin PBXNativeTarget section */
		1D6058900D05DD3D006BFB54 /* Accordion */ = {
			isa = PBXNativeTarget;
			buildConfigurationList = 1D6058960D05DD3E006BFB54 /* Build configuration list for PBXNativeTarget "Accordion" */;
			buildPhases = (
				1D60588D0D05DD3D006BFB54 /* Resources */,
				1D60588E0D05DD3D006BFB54 /* Sources */,
				1D60588F0D05DD3D006BFB54 /* Frameworks */,
			);
			buildRules = (
			);
			dependencies = (
			);
			name = Accordion;
			productName = FileCascade;
			productReference = 1D6058910D05DD3D006BFB54 /* Accordion.app */;
			productType = "com.apple.product-type.application";
		};
/* End PBXNativeTarget section */

/* Begin PBXProject section */
		29B97313FDCFA39411CA2CEA /* Project object */ = {
			isa = PBXProject;
			buildConfigurationList = C01FCF4E08A954540054247B /* Build configuration list for PBXProject "Accordion" */;
			compatibilityVersion = "Xcode 3.2";
			developmentRegion = English;
			hasScannedForEncodings = 1;
			knownRegions = (
				English,
				Japanese,
				French,
				German,
				en,
			);
			mainGroup = 29B97314FDCFA39411CA2CEA /* CustomTemplate */;
			projectDirPath = "";
			projectRoot = "";
			targets = (
				1D6058900D05DD3D006BFB54 /* Accordion */,
			);
		};
/* End PBXProject section */

/* Begin PBXResourcesBuildPhase section */
		1D60588D0D05DD3D006BFB54 /* Resources */ = {
			isa = PBXResourcesBuildPhase;
			buildActionMask = 2147483647;
			files = (
				28AD73600D9D9599002E5188 /* MainWindow.xib in Resources */,
				2804203C108E9BAB000629CD /* DetailView.xib in Resources */,
				9A7EC31D122AAEB000BB44E7 /* N4AccordionViewController.xib in Resources */,
				9A6AB9D1122CB33E0080EA40 /* ascending.png in Resources */,
				9A6AB9D2122CB33E0080EA40 /* descending.png in Resources */,
				9A6AB9D3122CB33E0080EA40 /* Document56.png in Resources */,
				9A6AB9D4122CB33E0080EA40 /* Document512.png in Resources */,
				9A6AB9D5122CB33E0080EA40 /* Folder56.png in Resources */,
				9A6AB9D6122CB33E0080EA40 /* Folder512.png in Resources */,
				9A6AB9D7122CB33E0080EA40 /* Triangle.png in Resources */,
				9A6AB9D8122CB33E0080EA40 /* TriangleSmall.png in Resources */,
				9A6AB9D9122CB33E0080EA40 /* TriangleSmall2.png in Resources */,
			);
			runOnlyForDeploymentPostprocessing = 0;
		};
/* End PBXResourcesBuildPhase section */

/* Begin PBXSourcesBuildPhase section */
		1D60588E0D05DD3D006BFB54 /* Sources */ = {
			isa = PBXSourcesBuildPhase;
			buildActionMask = 2147483647;
			files = (
				1D60589B0D05DD56006BFB54 /* main.m in Sources */,
				1D3623260D0F684500981E51 /* AppDelegate.m in Sources */,
				2804200B108E984D000629CD /* N4AccordionViewController.m in Sources */,
				2804200C108E984D000629CD /* DetailViewController.m in Sources */,
				9AE4B6751226CF9B0057C449 /* N4FileAccordionDatasourceManager.m in Sources */,
				9AE4B68B1226D01B0057C449 /* N4File.m in Sources */,
				9A019C581228AD5100F152EB /* N4AccordionViewCell.m in Sources */,
				9A7EC308122AAB2400BB44E7 /* N4FileSorterViewController.m in Sources */,
				9A6AB994122CB1A70080EA40 /* N4FileView.m in Sources */,
				9AB7B01E122F387100688EA3 /* N4PromptAlertView.m in Sources */,
			);
			runOnlyForDeploymentPostprocessing = 0;
		};
/* End PBXSourcesBuildPhase section */

/* Begin XCBuildConfiguration section */
		1D6058940D05DD3E006BFB54 /* Debug */ = {
			isa = XCBuildConfiguration;
			buildSettings = {
				ALWAYS_SEARCH_USER_PATHS = NO;
				COPY_PHASE_STRIP = NO;
				GCC_DYNAMIC_NO_PIC = NO;
				GCC_OPTIMIZATION_LEVEL = 0;
				GCC_PRECOMPILE_PREFIX_HEADER = YES;
				GCC_PREFIX_HEADER = Accordion_Prefix.pch;
				INFOPLIST_FILE = "Accordion-Info.plist";
				PRODUCT_NAME = Accordion;
			};
			name = Debug;
		};
		1D6058950D05DD3E006BFB54 /* Release */ = {
			isa = XCBuildConfiguration;
			buildSettings = {
				ALWAYS_SEARCH_USER_PATHS = NO;
				COPY_PHASE_STRIP = YES;
				GCC_PRECOMPILE_PREFIX_HEADER = YES;
				GCC_PREFIX_HEADER = Accordion_Prefix.pch;
				INFOPLIST_FILE = "Accordion-Info.plist";
				PRODUCT_NAME = Accordion;
				VALIDATE_PRODUCT = YES;
			};
			name = Release;
		};
		C01FCF4F08A954540054247B /* Debug */ = {
			isa = XCBuildConfiguration;
			buildSettings = {
				ARCHS = "$(ARCHS_UNIVERSAL_IPHONE_OS)";
				"CODE_SIGN_IDENTITY[sdk=iphoneos*]" = "iPhone Developer";
				GCC_C_LANGUAGE_STANDARD = c99;
				GCC_WARN_ABOUT_RETURN_TYPE = YES;
				GCC_WARN_UNUSED_VARIABLE = YES;
				PREBINDING = NO;
				SDKROOT = iphoneos;
				TARGETED_DEVICE_FAMILY = 2;
			};
			name = Debug;
		};
		C01FCF5008A954540054247B /* Release */ = {
			isa = XCBuildConfiguration;
			buildSettings = {
				ARCHS = "$(ARCHS_UNIVERSAL_IPHONE_OS)";
				"CODE_SIGN_IDENTITY[sdk=iphoneos*]" = "iPhone Developer";
				GCC_C_LANGUAGE_STANDARD = c99;
				GCC_WARN_ABOUT_RETURN_TYPE = YES;
				GCC_WARN_UNUSED_VARIABLE = YES;
				OTHER_CFLAGS = "-DNS_BLOCK_ASSERTIONS=1";
				PREBINDING = NO;
				SDKROOT = iphoneos3.2;
				TARGETED_DEVICE_FAMILY = 2;
			};
			name = Release;
		};
/* End XCBuildConfiguration section */

/* Begin XCConfigurationList section */
		1D6058960D05DD3E006BFB54 /* Build configuration list for PBXNativeTarget "Accordion" */ = {
			isa = XCConfigurationList;
			buildConfigurations = (
				1D6058940D05DD3E006BFB54 /* Debug */,
				1D6058950D05DD3E006BFB54 /* Release */,
			);
			defaultConfigurationIsVisible = 0;
			defaultConfigurationName = Release;
		};
		C01FCF4E08A954540054247B /* Build configuration list for PBXProject "Accordion" */ = {
			isa = XCConfigurationList;
			buildConfigurations = (
				C01FCF4F08A954540054247B /* Debug */,
				C01FCF5008A954540054247B /* Release */,
			);
			defaultConfigurationIsVisible = 0;
			defaultConfigurationName = Release;
		};
/* End XCConfigurationList section */
	};
	rootObject = 29B97313FDCFA39411CA2CEA /* Project object */;
}
